
Microsoft Visual Studio Solution File, Format Version 12.00
# Visual Studio Version 17
VisualStudioVersion = 17.2.32516.85
MinimumVisualStudioVersion = 10.0.40219.1
Project("{FAE04EC0-301F-11D3-BF4B-00C04F79EFBC}") = "Minipaint", "Minipaint\Minipaint.csproj", "{8389B2E9-F07E-48A3-9900-955E45EFB949}"
EndProject
Global
	GlobalSection(SolutionConfigurationPlatforms) = preSolution
		Debug|Any CPU = Debug|Any CPU
		Release|Any CPU = Release|Any CPU
	EndGlobalSection
	GlobalSection(ProjectConfigurationPlatforms) = postSolution
		{8389B2E9-F07E-48A3-9900-955E45EFB949}.Debug|Any CPU.ActiveCfg = Debug|Any CPU
		{8389B2E9-F07E-48A3-9900-955E45EFB949}.Debug|Any CPU.Build.0 = Debug|Any CPU
		{8389B2E9-F07E-48A3-9900-955E45EFB949}.Release|Any CPU.ActiveCfg = Release|Any CPU
		{8389B2E9-F07E-48A3-9900-955E45EFB949}.Release|Any CPU.Build.0 = Release|Any CPU
	EndGlobalSection
	GlobalSection(SolutionProperties) = preSolution
		HideSolutionNode = FALSE
	EndGlobalSection
	GlobalSection(ExtensibilityGlobals) = postSolution
		SolutionGuid = {00F466AD-9D39-4EEE-A531-CDB380C33D9D}
	EndGlobalSection
EndGlobal
